
Microsoft Visual Studio Solution File, Format Version 12.00
# Visual Studio Version 16
VisualStudioVersion = 16.0.29613.14
MinimumVisualStudioVersion = 10.0.40219.1
Project("{FAE04EC0-301F-11D3-BF4B-00C04F79EFBC}") = "spinaker", "spinaker.csproj", "{A57CA63E-21C1-407B-AF64-15C0033765EC}"
EndProject
Global
	GlobalSection(SolutionConfigurationPlatforms) = preSolution
		Debug|Any CPU = Debug|Any CPU
		Release|Any CPU = Release|Any CPU
	EndGlobalSection
	GlobalSection(ProjectConfigurationPlatforms) = postSolution
		{A57CA63E-21C1-407B-AF64-15C0033765EC}.Debug|Any CPU.ActiveCfg = Debug|Any CPU
		{A57CA63E-21C1-407B-AF64-15C0033765EC}.Debug|Any CPU.Build.0 = Debug|Any CPU
		{A57CA63E-21C1-407B-AF64-15C0033765EC}.Release|Any CPU.ActiveCfg = Release|Any CPU
		{A57CA63E-21C1-407B-AF64-15C0033765EC}.Release|Any CPU.Build.0 = Release|Any CPU
	EndGlobalSection
	GlobalSection(SolutionProperties) = preSolution
		HideSolutionNode = FALSE
	EndGlobalSection
	GlobalSection(ExtensibilityGlobals) = postSolution
		SolutionGuid = {276D00C3-6FF5-4C42-8CAE-FBCB9086A0A4}
	EndGlobalSection
EndGlobal
